
Microsoft Visual Studio Solution File, Format Version 12.00
Project("{FAE04EC0-301F-11D3-BF4B-00C04F79EFBC}") = "Blocktrust.CredentialBadges.Core", "Blocktrust.CredentialBadges.Core\Blocktrust.CredentialBadges.Core.csproj", "{166D3872-7FDB-448E-BDF0-E1B284C41626}"
EndProject
Project("{FAE04EC0-301F-11D3-BF4B-00C04F79EFBC}") = "Blocktrust.CredentialBadges.Builder", "Blocktrust.CredentialBadges.Builder\Blocktrust.CredentialBadges.Builder.csproj", "{D995F768-7F64-493A-AC33-C5AC0F5C0BBF}"
EndProject
Project("{FAE04EC0-301F-11D3-BF4B-00C04F79EFBC}") = "Blocktrust.CredentialBadges.Web", "Blocktrust.CredentialBadges.Web\Blocktrust.CredentialBadges.Web.csproj", "{F1FD1D35-080F-4C11-8869-6222E10C6884}"
EndProject
Project("{FAE04EC0-301F-11D3-BF4B-00C04F79EFBC}") = "Blocktrust.CredentialBadges.OpenBadges", "Blocktrust.CredentialBadges.OpenBadges\Blocktrust.CredentialBadges.OpenBadges.csproj", "{B0B4FBD2-096B-42C7-89B6-89E3998AFB1C}"
EndProject
Project("{2150E333-8FDC-42A3-9474-1A3956D46DE8}") = "Tests", "Tests", "{E76FACE7-D14B-4F96-B0E1-238A5DADBAD3}"
EndProject
Project("{FAE04EC0-301F-11D3-BF4B-00C04F79EFBC}") = "Blocktrust.CredentialBadges.OpenBadges.Tests", "Blocktrust.CredentialBadges.OpenBadges.Tests\Blocktrust.CredentialBadges.OpenBadges.Tests.csproj", "{CC4D44B3-7CD9-48F0-B196-A13BCC9408AB}"
EndProject
Global
	GlobalSection(SolutionConfigurationPlatforms) = preSolution
		Debug|Any CPU = Debug|Any CPU
		Release|Any CPU = Release|Any CPU
	EndGlobalSection
	GlobalSection(ProjectConfigurationPlatforms) = postSolution
		{166D3872-7FDB-448E-BDF0-E1B284C41626}.Debug|Any CPU.ActiveCfg = Debug|Any CPU
		{166D3872-7FDB-448E-BDF0-E1B284C41626}.Debug|Any CPU.Build.0 = Debug|Any CPU
		{166D3872-7FDB-448E-BDF0-E1B284C41626}.Release|Any CPU.ActiveCfg = Release|Any CPU
		{166D3872-7FDB-448E-BDF0-E1B284C41626}.Release|Any CPU.Build.0 = Release|Any CPU
		{D995F768-7F64-493A-AC33-C5AC0F5C0BBF}.Debug|Any CPU.ActiveCfg = Debug|Any CPU
		{D995F768-7F64-493A-AC33-C5AC0F5C0BBF}.Debug|Any CPU.Build.0 = Debug|Any CPU
		{D995F768-7F64-493A-AC33-C5AC0F5C0BBF}.Release|Any CPU.ActiveCfg = Release|Any CPU
		{D995F768-7F64-493A-AC33-C5AC0F5C0BBF}.Release|Any CPU.Build.0 = Release|Any CPU
		{F1FD1D35-080F-4C11-8869-6222E10C6884}.Debug|Any CPU.ActiveCfg = Debug|Any CPU
		{F1FD1D35-080F-4C11-8869-6222E10C6884}.Debug|Any CPU.Build.0 = Debug|Any CPU
		{F1FD1D35-080F-4C11-8869-6222E10C6884}.Release|Any CPU.ActiveCfg = Release|Any CPU
		{F1FD1D35-080F-4C11-8869-6222E10C6884}.Release|Any CPU.Build.0 = Release|Any CPU
		{B0B4FBD2-096B-42C7-89B6-89E3998AFB1C}.Debug|Any CPU.ActiveCfg = Debug|Any CPU
		{B0B4FBD2-096B-42C7-89B6-89E3998AFB1C}.Debug|Any CPU.Build.0 = Debug|Any CPU
		{B0B4FBD2-096B-42C7-89B6-89E3998AFB1C}.Release|Any CPU.ActiveCfg = Release|Any CPU
		{B0B4FBD2-096B-42C7-89B6-89E3998AFB1C}.Release|Any CPU.Build.0 = Release|Any CPU
		{CC4D44B3-7CD9-48F0-B196-A13BCC9408AB}.Debug|Any CPU.ActiveCfg = Debug|Any CPU
		{CC4D44B3-7CD9-48F0-B196-A13BCC9408AB}.Debug|Any CPU.Build.0 = Debug|Any CPU
		{CC4D44B3-7CD9-48F0-B196-A13BCC9408AB}.Release|Any CPU.ActiveCfg = Release|Any CPU
		{CC4D44B3-7CD9-48F0-B196-A13BCC9408AB}.Release|Any CPU.Build.0 = Release|Any CPU
	EndGlobalSection
	GlobalSection(NestedProjects) = preSolution
		{CC4D44B3-7CD9-48F0-B196-A13BCC9408AB} = {E76FACE7-D14B-4F96-B0E1-238A5DADBAD3}
	EndGlobalSection
EndGlobal
